
Microsoft Visual Studio Solution File, Format Version 12.00
Project("{FAE04EC0-301F-11D3-BF4B-00C04F79EFBC}") = "TheCanalaveLibrary.Server", "TheCanalaveLibrary.Server\TheCanalaveLibrary.Server.csproj", "{4227F1AE-D3BD-40B7-B611-76F6823B02E6}"
EndProject
Project("{FAE04EC0-301F-11D3-BF4B-00C04F79EFBC}") = "TheCanalaveLibrary.Client", "TheCanalaveLibrary.Client\TheCanalaveLibrary.Client.csproj", "{05688E06-B8C9-4F46-976B-36C25C404D96}"
EndProject
Project("{FAE04EC0-301F-11D3-BF4B-00C04F79EFBC}") = "TheCanalaveLibrary.Core", "TheCanalaveLibrary.Core\TheCanalaveLibrary.Core.csproj", "{9294BDF8-3AAA-4994-81DB-78FD094B20BD}"
EndProject
Project("{FAE04EC0-301F-11D3-BF4B-00C04F79EFBC}") = "TheCanalaveLibrary.SharedUI", "TheCanalaveLibrary.SharedUI\TheCanalaveLibrary.SharedUI.csproj", "{CD2128D4-2989-476B-99A8-0F3B9FBCF53D}"
EndProject
Project("{FAE04EC0-301F-11D3-BF4B-00C04F79EFBC}") = "AppHost", "AppHost\AppHost.csproj", "{F1A44A68-BD2F-4FAB-B2EC-C722B0D64B47}"
EndProject
Project("{FAE04EC0-301F-11D3-BF4B-00C04F79EFBC}") = "ServiceDefaults", "ServiceDefaults\ServiceDefaults.csproj", "{474A8919-3220-443A-9702-82D282C355C0}"
EndProject
Project("{FAE04EC0-301F-11D3-BF4B-00C04F79EFBC}") = "TheCanalaveLibrary.Tests.Unit", "TheCanalaveLibrary.Tests.Unit\TheCanalaveLibrary.Tests.Unit.csproj", "{5E382F63-28BF-469A-8DF0-04717643F8B8}"
EndProject
Project("{FAE04EC0-301F-11D3-BF4B-00C04F79EFBC}") = "TheCanalaveLibrary.Tests.Integration", "TheCanalaveLibrary.Tests.Integration\TheCanalaveLibrary.Tests.Integration.csproj", "{D348ECF4-BB87-412F-AA57-2B3882295B88}"
EndProject
Project("{FAE04EC0-301F-11D3-BF4B-00C04F79EFBC}") = "TheCanalaveLibrary.Tests.RazorComponents", "TheCanalaveLibrary.Tests.RazorComponents\TheCanalaveLibrary.Tests.RazorComponents.csproj", "{B69D0BA1-FAE2-45E0-86B3-B0366C618955}"
EndProject
Global
	GlobalSection(SolutionConfigurationPlatforms) = preSolution
		Debug|Any CPU = Debug|Any CPU
		Debug|x64 = Debug|x64
		Debug|x86 = Debug|x86
		Release|Any CPU = Release|Any CPU
		Release|x64 = Release|x64
		Release|x86 = Release|x86
	EndGlobalSection
	GlobalSection(ProjectConfigurationPlatforms) = postSolution
		{4227F1AE-D3BD-40B7-B611-76F6823B02E6}.Debug|Any CPU.ActiveCfg = Debug|Any CPU
		{4227F1AE-D3BD-40B7-B611-76F6823B02E6}.Debug|Any CPU.Build.0 = Debug|Any CPU
		{4227F1AE-D3BD-40B7-B611-76F6823B02E6}.Debug|x64.ActiveCfg = Debug|Any CPU
		{4227F1AE-D3BD-40B7-B611-76F6823B02E6}.Debug|x64.Build.0 = Debug|Any CPU
		{4227F1AE-D3BD-40B7-B611-76F6823B02E6}.Debug|x86.ActiveCfg = Debug|Any CPU
		{4227F1AE-D3BD-40B7-B611-76F6823B02E6}.Debug|x86.Build.0 = Debug|Any CPU
		{4227F1AE-D3BD-40B7-B611-76F6823B02E6}.Release|Any CPU.ActiveCfg = Release|Any CPU
		{4227F1AE-D3BD-40B7-B611-76F6823B02E6}.Release|Any CPU.Build.0 = Release|Any CPU
		{4227F1AE-D3BD-40B7-B611-76F6823B02E6}.Release|x64.ActiveCfg = Release|Any CPU
		{4227F1AE-D3BD-40B7-B611-76F6823B02E6}.Release|x64.Build.0 = Release|Any CPU
		{4227F1AE-D3BD-40B7-B611-76F6823B02E6}.Release|x86.ActiveCfg = Release|Any CPU
		{4227F1AE-D3BD-40B7-B611-76F6823B02E6}.Release|x86.Build.0 = Release|Any CPU
		{05688E06-B8C9-4F46-976B-36C25C404D96}.Debug|Any CPU.ActiveCfg = Debug|Any CPU
		{05688E06-B8C9-4F46-976B-36C25C404D96}.Debug|Any CPU.Build.0 = Debug|Any CPU
		{05688E06-B8C9-4F46-976B-36C25C404D96}.Debug|x64.ActiveCfg = Debug|Any CPU
		{05688E06-B8C9-4F46-976B-36C25C404D96}.Debug|x64.Build.0 = Debug|Any CPU
		{05688E06-B8C9-4F46-976B-36C25C404D96}.Debug|x86.ActiveCfg = Debug|Any CPU
		{05688E06-B8C9-4F46-976B-36C25C404D96}.Debug|x86.Build.0 = Debug|Any CPU
		{05688E06-B8C9-4F46-976B-36C25C404D96}.Release|Any CPU.ActiveCfg = Release|Any CPU
		{05688E06-B8C9-4F46-976B-36C25C404D96}.Release|Any CPU.Build.0 = Release|Any CPU
		{05688E06-B8C9-4F46-976B-36C25C404D96}.Release|x64.ActiveCfg = Release|Any CPU
		{05688E06-B8C9-4F46-976B-36C25C404D96}.Release|x64.Build.0 = Release|Any CPU
		{05688E06-B8C9-4F46-976B-36C25C404D96}.Release|x86.ActiveCfg = Release|Any CPU
		{05688E06-B8C9-4F46-976B-36C25C404D96}.Release|x86.Build.0 = Release|Any CPU
		{9294BDF8-3AAA-4994-81DB-78FD094B20BD}.Debug|Any CPU.ActiveCfg = Debug|Any CPU
		{9294BDF8-3AAA-4994-81DB-78FD094B20BD}.Debug|Any CPU.Build.0 = Debug|Any CPU
		{9294BDF8-3AAA-4994-81DB-78FD094B20BD}.Debug|x64.ActiveCfg = Debug|Any CPU
		{9294BDF8-3AAA-4994-81DB-78FD094B20BD}.Debug|x64.Build.0 = Debug|Any CPU
		{9294BDF8-3AAA-4994-81DB-78FD094B20BD}.Debug|x86.ActiveCfg = Debug|Any CPU
		{9294BDF8-3AAA-4994-81DB-78FD094B20BD}.Debug|x86.Build.0 = Debug|Any CPU
		{9294BDF8-3AAA-4994-81DB-78FD094B20BD}.Release|Any CPU.ActiveCfg = Release|Any CPU
		{9294BDF8-3AAA-4994-81DB-78FD094B20BD}.Release|Any CPU.Build.0 = Release|Any CPU
		{9294BDF8-3AAA-4994-81DB-78FD094B20BD}.Release|x64.ActiveCfg = Release|Any CPU
		{9294BDF8-3AAA-4994-81DB-78FD094B20BD}.Release|x64.Build.0 = Release|Any CPU
		{9294BDF8-3AAA-4994-81DB-78FD094B20BD}.Release|x86.ActiveCfg = Release|Any CPU
		{9294BDF8-3AAA-4994-81DB-78FD094B20BD}.Release|x86.Build.0 = Release|Any CPU
		{CD2128D4-2989-476B-99A8-0F3B9FBCF53D}.Debug|Any CPU.ActiveCfg = Debug|Any CPU
		{CD2128D4-2989-476B-99A8-0F3B9FBCF53D}.Debug|Any CPU.Build.0 = Debug|Any CPU
		{CD2128D4-2989-476B-99A8-0F3B9FBCF53D}.Debug|x64.ActiveCfg = Debug|Any CPU
		{CD2128D4-2989-476B-99A8-0F3B9FBCF53D}.Debug|x64.Build.0 = Debug|Any CPU
		{CD2128D4-2989-476B-99A8-0F3B9FBCF53D}.Debug|x86.ActiveCfg = Debug|Any CPU
		{CD2128D4-2989-476B-99A8-0F3B9FBCF53D}.Debug|x86.Build.0 = Debug|Any CPU
		{CD2128D4-2989-476B-99A8-0F3B9FBCF53D}.Release|Any CPU.ActiveCfg = Release|Any CPU
		{CD2128D4-2989-476B-99A8-0F3B9FBCF53D}.Release|Any CPU.Build.0 = Release|Any CPU
		{CD2128D4-2989-476B-99A8-0F3B9FBCF53D}.Release|x64.ActiveCfg = Release|Any CPU
		{CD2128D4-2989-476B-99A8-0F3B9FBCF53D}.Release|x64.Build.0 = Release|Any CPU
		{CD2128D4-2989-476B-99A8-0F3B9FBCF53D}.Release|x86.ActiveCfg = Release|Any CPU
		{CD2128D4-2989-476B-99A8-0F3B9FBCF53D}.Release|x86.Build.0 = Release|Any CPU
		{F1A44A68-BD2F-4FAB-B2EC-C722B0D64B47}.Debug|Any CPU.ActiveCfg = Debug|Any CPU
		{F1A44A68-BD2F-4FAB-B2EC-C722B0D64B47}.Debug|Any CPU.Build.0 = Debug|Any CPU
		{F1A44A68-BD2F-4FAB-B2EC-C722B0D64B47}.Debug|x64.ActiveCfg = Debug|Any CPU
		{F1A44A68-BD2F-4FAB-B2EC-C722B0D64B47}.Debug|x64.Build.0 = Debug|Any CPU
		{F1A44A68-BD2F-4FAB-B2EC-C722B0D64B47}.Debug|x86.ActiveCfg = Debug|Any CPU
		{F1A44A68-BD2F-4FAB-B2EC-C722B0D64B47}.Debug|x86.Build.0 = Debug|Any CPU
		{F1A44A68-BD2F-4FAB-B2EC-C722B0D64B47}.Release|Any CPU.ActiveCfg = Release|Any CPU
		{F1A44A68-BD2F-4FAB-B2EC-C722B0D64B47}.Release|Any CPU.Build.0 = Release|Any CPU
		{F1A44A68-BD2F-4FAB-B2EC-C722B0D64B47}.Release|x64.ActiveCfg = Release|Any CPU
		{F1A44A68-BD2F-4FAB-B2EC-C722B0D64B47}.Release|x64.Build.0 = Release|Any CPU
		{F1A44A68-BD2F-4FAB-B2EC-C722B0D64B47}.Release|x86.ActiveCfg = Release|Any CPU
		{F1A44A68-BD2F-4FAB-B2EC-C722B0D64B47}.Release|x86.Build.0 = Release|Any CPU
		{474A8919-3220-443A-9702-82D282C355C0}.Debug|Any CPU.ActiveCfg = Debug|Any CPU
		{474A8919-3220-443A-9702-82D282C355C0}.Debug|Any CPU.Build.0 = Debug|Any CPU
		{474A8919-3220-443A-9702-82D282C355C0}.Debug|x64.ActiveCfg = Debug|Any CPU
		{474A8919-3220-443A-9702-82D282C355C0}.Debug|x64.Build.0 = Debug|Any CPU
		{474A8919-3220-443A-9702-82D282C355C0}.Debug|x86.ActiveCfg = Debug|Any CPU
		{474A8919-3220-443A-9702-82D282C355C0}.Debug|x86.Build.0 = Debug|Any CPU
		{474A8919-3220-443A-9702-82D282C355C0}.Release|Any CPU.ActiveCfg = Release|Any CPU
		{474A8919-3220-443A-9702-82D282C355C0}.Release|Any CPU.Build.0 = Release|Any CPU
		{474A8919-3220-443A-9702-82D282C355C0}.Release|x64.ActiveCfg = Release|Any CPU
		{474A8919-3220-443A-9702-82D282C355C0}.Release|x64.Build.0 = Release|Any CPU
		{474A8919-3220-443A-9702-82D282C355C0}.Release|x86.ActiveCfg = Release|Any CPU
		{474A8919-3220-443A-9702-82D282C355C0}.Release|x86.Build.0 = Release|Any CPU
		{5E382F63-28BF-469A-8DF0-04717643F8B8}.Debug|Any CPU.ActiveCfg = Debug|Any CPU
		{5E382F63-28BF-469A-8DF0-04717643F8B8}.Debug|Any CPU.Build.0 = Debug|Any CPU
		{5E382F63-28BF-469A-8DF0-04717643F8B8}.Debug|x64.ActiveCfg = Debug|Any CPU
		{5E382F63-28BF-469A-8DF0-04717643F8B8}.Debug|x64.Build.0 = Debug|Any CPU
		{5E382F63-28BF-469A-8DF0-04717643F8B8}.Debug|x86.ActiveCfg = Debug|Any CPU
		{5E382F63-28BF-469A-8DF0-04717643F8B8}.Debug|x86.Build.0 = Debug|Any CPU
		{5E382F63-28BF-469A-8DF0-04717643F8B8}.Release|Any CPU.ActiveCfg = Release|Any CPU
		{5E382F63-28BF-469A-8DF0-04717643F8B8}.Release|Any CPU.Build.0 = Release|Any CPU
		{5E382F63-28BF-469A-8DF0-04717643F8B8}.Release|x64.ActiveCfg = Release|Any CPU
		{5E382F63-28BF-469A-8DF0-04717643F8B8}.Release|x64.Build.0 = Release|Any CPU
		{5E382F63-28BF-469A-8DF0-04717643F8B8}.Release|x86.ActiveCfg = Release|Any CPU
		{5E382F63-28BF-469A-8DF0-04717643F8B8}.Release|x86.Build.0 = Release|Any CPU
		{D348ECF4-BB87-412F-AA57-2B3882295B88}.Debug|Any CPU.ActiveCfg = Debug|Any CPU
		{D348ECF4-BB87-412F-AA57-2B3882295B88}.Debug|Any CPU.Build.0 = Debug|Any CPU
		{D348ECF4-BB87-412F-AA57-2B3882295B88}.Debug|x64.ActiveCfg = Debug|Any CPU
		{D348ECF4-BB87-412F-AA57-2B3882295B88}.Debug|x64.Build.0 = Debug|Any CPU
		{D348ECF4-BB87-412F-AA57-2B3882295B88}.Debug|x86.ActiveCfg = Debug|Any CPU
		{D348ECF4-BB87-412F-AA57-2B3882295B88}.Debug|x86.Build.0 = Debug|Any CPU
		{D348ECF4-BB87-412F-AA57-2B3882295B88}.Release|Any CPU.ActiveCfg = Release|Any CPU
		{D348ECF4-BB87-412F-AA57-2B3882295B88}.Release|Any CPU.Build.0 = Release|Any CPU
		{D348ECF4-BB87-412F-AA57-2B3882295B88}.Release|x64.ActiveCfg = Release|Any CPU
		{D348ECF4-BB87-412F-AA57-2B3882295B88}.Release|x64.Build.0 = Release|Any CPU
		{D348ECF4-BB87-412F-AA57-2B3882295B88}.Release|x86.ActiveCfg = Release|Any CPU
		{D348ECF4-BB87-412F-AA57-2B3882295B88}.Release|x86.Build.0 = Release|Any CPU
		{B69D0BA1-FAE2-45E0-86B3-B0366C618955}.Debug|Any CPU.ActiveCfg = Debug|Any CPU
		{B69D0BA1-FAE2-45E0-86B3-B0366C618955}.Debug|Any CPU.Build.0 = Debug|Any CPU
		{B69D0BA1-FAE2-45E0-86B3-B0366C618955}.Debug|x64.ActiveCfg = Debug|Any CPU
		{B69D0BA1-FAE2-45E0-86B3-B0366C618955}.Debug|x64.Build.0 = Debug|Any CPU
		{B69D0BA1-FAE2-45E0-86B3-B0366C618955}.Debug|x86.ActiveCfg = Debug|Any CPU
		{B69D0BA1-FAE2-45E0-86B3-B0366C618955}.Debug|x86.Build.0 = Debug|Any CPU
		{B69D0BA1-FAE2-45E0-86B3-B0366C618955}.Release|Any CPU.ActiveCfg = Release|Any CPU
		{B69D0BA1-FAE2-45E0-86B3-B0366C618955}.Release|Any CPU.Build.0 = Release|Any CPU
		{B69D0BA1-FAE2-45E0-86B3-B0366C618955}.Release|x64.ActiveCfg = Release|Any CPU
		{B69D0BA1-FAE2-45E0-86B3-B0366C618955}.Release|x64.Build.0 = Release|Any CPU
		{B69D0BA1-FAE2-45E0-86B3-B0366C618955}.Release|x86.ActiveCfg = Release|Any CPU
		{B69D0BA1-FAE2-45E0-86B3-B0366C618955}.Release|x86.Build.0 = Release|Any CPU
	EndGlobalSection
	GlobalSection(SolutionProperties) = preSolution
		HideSolutionNode = FALSE
	EndGlobalSection
EndGlobal
